
Microsoft Visual Studio Solution File, Format Version 12.00
# Visual Studio Version 17
VisualStudioVersion = 17.10.35013.160
MinimumVisualStudioVersion = 10.0.40219.1
Project("{9092AA53-FB77-4645-B42D-1CCCA6BD08BD}") = "Mobile Proj 1", "Mobile Proj 1\Mobile Proj 1.njsproj", "{9BC9C84E-385D-46BB-8E1B-EEF5F5C2ABE0}"
EndProject
Global
	GlobalSection(SolutionConfigurationPlatforms) = preSolution
		Debug|Any CPU = Debug|Any CPU
		Release|Any CPU = Release|Any CPU
	EndGlobalSection
	GlobalSection(ProjectConfigurationPlatforms) = postSolution
		{9BC9C84E-385D-46BB-8E1B-EEF5F5C2ABE0}.Debug|Any CPU.ActiveCfg = Debug|Any CPU
		{9BC9C84E-385D-46BB-8E1B-EEF5F5C2ABE0}.Debug|Any CPU.Build.0 = Debug|Any CPU
		{9BC9C84E-385D-46BB-8E1B-EEF5F5C2ABE0}.Release|Any CPU.ActiveCfg = Release|Any CPU
		{9BC9C84E-385D-46BB-8E1B-EEF5F5C2ABE0}.Release|Any CPU.Build.0 = Release|Any CPU
	EndGlobalSection
	GlobalSection(SolutionProperties) = preSolution
		HideSolutionNode = FALSE
	EndGlobalSection
	GlobalSection(ExtensibilityGlobals) = postSolution
		SolutionGuid = {9B3B695B-3DF5-4A74-8B56-AD0E752CAA7F}
	EndGlobalSection
EndGlobal
